// !$*UTF8*$!
{
	archiveVersion = 1;
	classes = {
	};
	objectVersion = 50;
	objects = {

/* Begin PBXBuildFile section */
		746C371A24FBF61E007B76D4 /* Main.swift in Sources */ = {isa = PBXBuildFile; fileRef = 746C371924FBF61E007B76D4 /* Main.swift */; };
		746C371B24FBF61E007B76D4 /* Main.swift in Sources */ = {isa = PBXBuildFile; fileRef = 746C371924FBF61E007B76D4 /* Main.swift */; };
		746C372024FC0F2C007B76D4 /* SpiritBoxView.swift in Sources */ = {isa = PBXBuildFile; fileRef = 746C371F24FC0F2C007B76D4 /* SpiritBoxView.swift */; };
		746C372124FC0F2C007B76D4 /* SpiritBoxView.swift in Sources */ = {isa = PBXBuildFile; fileRef = 746C371F24FC0F2C007B76D4 /* SpiritBoxView.swift */; };
		74752FCA252E24200020D687 /* SpiritBoxDisplayView.swift in Sources */ = {isa = PBXBuildFile; fileRef = 74752FC9252E24200020D687 /* SpiritBoxDisplayView.swift */; };
		74752FCB252E24200020D687 /* SpiritBoxDisplayView.swift in Sources */ = {isa = PBXBuildFile; fileRef = 74752FC9252E24200020D687 /* SpiritBoxDisplayView.swift */; };
		74ADA41424FAADD900E06479 /* Tests_iOS.swift in Sources */ = {isa = PBXBuildFile; fileRef = 74ADA41324FAADD900E06479 /* Tests_iOS.swift */; };
		74ADA41F24FAADD900E06479 /* Tests_macOS.swift in Sources */ = {isa = PBXBuildFile; fileRef = 74ADA41E24FAADD900E06479 /* Tests_macOS.swift */; };
		74ADA42124FAADD900E06479 /* GhostingApp.swift in Sources */ = {isa = PBXBuildFile; fileRef = 74ADA3F824FAADD800E06479 /* GhostingApp.swift */; };
		74ADA42224FAADD900E06479 /* GhostingApp.swift in Sources */ = {isa = PBXBuildFile; fileRef = 74ADA3F824FAADD800E06479 /* GhostingApp.swift */; };
		74ADA42324FAADD900E06479 /* ContentView.swift in Sources */ = {isa = PBXBuildFile; fileRef = 74ADA3F924FAADD800E06479 /* ContentView.swift */; };
		74ADA42424FAADD900E06479 /* ContentView.swift in Sources */ = {isa = PBXBuildFile; fileRef = 74ADA3F924FAADD800E06479 /* ContentView.swift */; };
		74ADA42524FAADD900E06479 /* Assets.xcassets in Resources */ = {isa = PBXBuildFile; fileRef = 74ADA3FA24FAADD800E06479 /* Assets.xcassets */; };
		74ADA42624FAADD900E06479 /* Assets.xcassets in Resources */ = {isa = PBXBuildFile; fileRef = 74ADA3FA24FAADD800E06479 /* Assets.xcassets */; };
		74B7D1A2250814C1002E138C /* Model.xcdatamodeld in Resources */ = {isa = PBXBuildFile; fileRef = 7446453425056FDD00648631 /* Model.xcdatamodeld */; };
		74DAE6D5250E4EBA0054EFD6 /* Model.xcdatamodeld in Resources */ = {isa = PBXBuildFile; fileRef = 7446453425056FDD00648631 /* Model.xcdatamodeld */; };
		74E5683F25000C4A00733C32 /* PeripheralScan.swift in Sources */ = {isa = PBXBuildFile; fileRef = 74E5683E25000C4A00733C32 /* PeripheralScan.swift */; };
		74E5684025000C4A00733C32 /* PeripheralScan.swift in Sources */ = {isa = PBXBuildFile; fileRef = 74E5683E25000C4A00733C32 /* PeripheralScan.swift */; };
		A20FB3FE27930D60003DDDF7 /* BLEManager.swift in Sources */ = {isa = PBXBuildFile; fileRef = A20FB3FD27930D60003DDDF7 /* BLEManager.swift */; };
		A20FB40627945CE8003DDDF7 /* SpeechRecognitionManager.swift in Sources */ = {isa = PBXBuildFile; fileRef = A20FB40527945CE8003DDDF7 /* SpeechRecognitionManager.swift */; };
		A20FB40727945CE8003DDDF7 /* SpeechRecognitionManager.swift in Sources */ = {isa = PBXBuildFile; fileRef = A20FB40527945CE8003DDDF7 /* SpeechRecognitionManager.swift */; };
		A20FB40C2794BF25003DDDF7 /* SoundManager.swift in Sources */ = {isa = PBXBuildFile; fileRef = A20FB40B2794BF25003DDDF7 /* SoundManager.swift */; };
		A20FB40D2794BF25003DDDF7 /* SoundManager.swift in Sources */ = {isa = PBXBuildFile; fileRef = A20FB40B2794BF25003DDDF7 /* SoundManager.swift */; };
		A26B990D27973ABD00B38EEE /* SoundRecorder.swift in Sources */ = {isa = PBXBuildFile; fileRef = A26B990C27973ABD00B38EEE /* SoundRecorder.swift */; };
		A26B990E27973ABD00B38EEE /* SoundRecorder.swift in Sources */ = {isa = PBXBuildFile; fileRef = A26B990C27973ABD00B38EEE /* SoundRecorder.swift */; };
		A26B991C279C06C400B38EEE /* SpiritBoxManager.swift in Sources */ = {isa = PBXBuildFile; fileRef = A26B991B279C06C400B38EEE /* SpiritBoxManager.swift */; };
		A26B991D279C06C400B38EEE /* SpiritBoxManager.swift in Sources */ = {isa = PBXBuildFile; fileRef = A26B991B279C06C400B38EEE /* SpiritBoxManager.swift */; };
		A26B9931279C5E6D00B38EEE /* VideoCamera.swift in Sources */ = {isa = PBXBuildFile; fileRef = A26B9930279C5E6D00B38EEE /* VideoCamera.swift */; };
		A26B9932279C5E6D00B38EEE /* VideoCamera.swift in Sources */ = {isa = PBXBuildFile; fileRef = A26B9930279C5E6D00B38EEE /* VideoCamera.swift */; };
		A26B9937279C7CD500B38EEE /* Resnet50.mlmodel in Sources */ = {isa = PBXBuildFile; fileRef = A26B9936279C7CD500B38EEE /* Resnet50.mlmodel */; };
		A26B9938279C7CD500B38EEE /* Resnet50.mlmodel in Sources */ = {isa = PBXBuildFile; fileRef = A26B9936279C7CD500B38EEE /* Resnet50.mlmodel */; };
		A26C949A27B82B0700A53462 /* Combine+SelfBindings.swift in Sources */ = {isa = PBXBuildFile; fileRef = A26C949927B82B0700A53462 /* Combine+SelfBindings.swift */; };
		A26C949B27B82B0700A53462 /* Combine+SelfBindings.swift in Sources */ = {isa = PBXBuildFile; fileRef = A26C949927B82B0700A53462 /* Combine+SelfBindings.swift */; };
		A26C949D27B82B2D00A53462 /* CameraController.swift in Sources */ = {isa = PBXBuildFile; fileRef = A26C949C27B82B2D00A53462 /* CameraController.swift */; };
		A26C949E27B82B2D00A53462 /* CameraController.swift in Sources */ = {isa = PBXBuildFile; fileRef = A26C949C27B82B2D00A53462 /* CameraController.swift */; };
		A26C94A027B82B5D00A53462 /* FilterController.swift in Sources */ = {isa = PBXBuildFile; fileRef = A26C949F27B82B5D00A53462 /* FilterController.swift */; };
		A26C94A127B82B5D00A53462 /* FilterController.swift in Sources */ = {isa = PBXBuildFile; fileRef = A26C949F27B82B5D00A53462 /* FilterController.swift */; };
		A26C94A327B82B8500A53462 /* PreviewView.swift in Sources */ = {isa = PBXBuildFile; fileRef = A26C94A227B82B8500A53462 /* PreviewView.swift */; };
		A26C94A427B82B8500A53462 /* PreviewView.swift in Sources */ = {isa = PBXBuildFile; fileRef = A26C94A227B82B8500A53462 /* PreviewView.swift */; };
		A26C94A627B82BE600A53462 /* VideoCameraView.swift in Sources */ = {isa = PBXBuildFile; fileRef = A26C94A527B82BE600A53462 /* VideoCameraView.swift */; };
		A26C94A727B82BE600A53462 /* VideoCameraView.swift in Sources */ = {isa = PBXBuildFile; fileRef = A26C94A527B82BE600A53462 /* VideoCameraView.swift */; };
		A26C94A927B82EC500A53462 /* OrientationObserver.swift in Sources */ = {isa = PBXBuildFile; fileRef = A26C94A827B82EC500A53462 /* OrientationObserver.swift */; };
		A26C94AA27B82EC500A53462 /* OrientationObserver.swift in Sources */ = {isa = PBXBuildFile; fileRef = A26C94A827B82EC500A53462 /* OrientationObserver.swift */; };
		A2A6B077281EBDD6002B876E /* JournalView.swift in Sources */ = {isa = PBXBuildFile; fileRef = A2A6B076281EBDD6002B876E /* JournalView.swift */; };
		A2A6B078281EBDD6002B876E /* JournalView.swift in Sources */ = {isa = PBXBuildFile; fileRef = A2A6B076281EBDD6002B876E /* JournalView.swift */; };
		A2A6B08A281EC2EC002B876E /* Static.mp3 in Resources */ = {isa = PBXBuildFile; fileRef = A2A6B07C281EC196002B876E /* Static.mp3 */; };
		A2A6B08B281EC321002B876E /* OldWoman.mp3 in Resources */ = {isa = PBXBuildFile; fileRef = A2A6B084281EC196002B876E /* OldWoman.mp3 */; };
		A2A6B08C281EC325002B876E /* womanImHere.mp3 in Resources */ = {isa = PBXBuildFile; fileRef = A2A6B07E281EC196002B876E /* womanImHere.mp3 */; };
		A2A6B08D281EC328002B876E /* womanImClose.mp3 in Resources */ = {isa = PBXBuildFile; fileRef = A2A6B087281EC196002B876E /* womanImClose.mp3 */; };
		A2A6B08E281EC32A002B876E /* womanBehindYou2.mp3 in Resources */ = {isa = PBXBuildFile; fileRef = A2A6B086281EC196002B876E /* womanBehindYou2.mp3 */; };
		A2A6B08F281EC32D002B876E /* womanBehindYou.mp3 in Resources */ = {isa = PBXBuildFile; fileRef = A2A6B085281EC196002B876E /* womanBehindYou.mp3 */; };
		A2A6B090281EC330002B876E /* womanAway.mp3 in Resources */ = {isa = PBXBuildFile; fileRef = A2A6B07A281EC196002B876E /* womanAway.mp3 */; };
		A2A6B091281EC333002B876E /* ImHereWoman.mp3 in Resources */ = {isa = PBXBuildFile; fileRef = A2A6B080281EC196002B876E /* ImHereWoman.mp3 */; };
		A2A6B092281EC335002B876E /* ImCloseWoman.mp3 in Resources */ = {isa = PBXBuildFile; fileRef = A2A6B081281EC196002B876E /* ImCloseWoman.mp3 */; };
		A2A6B093281EC339002B876E /* BehindYouWoman.mp3 in Resources */ = {isa = PBXBuildFile; fileRef = A2A6B07F281EC196002B876E /* BehindYouWoman.mp3 */; };
		A2A6B094281EC33C002B876E /* AwayWoman.mp3 in Resources */ = {isa = PBXBuildFile; fileRef = A2A6B07B281EC196002B876E /* AwayWoman.mp3 */; };
		A2A6B095281EC33E002B876E /* ImClose.mp3 in Resources */ = {isa = PBXBuildFile; fileRef = A2A6B082281EC196002B876E /* ImClose.mp3 */; };
		A2A6B096281EC341002B876E /* ImBehindYou.mp3 in Resources */ = {isa = PBXBuildFile; fileRef = A2A6B083281EC196002B876E /* ImBehindYou.mp3 */; };
		A2A6B097281EC344002B876E /* Attack.mp3 in Resources */ = {isa = PBXBuildFile; fileRef = A2A6B07D281EC196002B876E /* Attack.mp3 */; };
		A2A6B098281EC347002B876E /* SpiritBoxStatic.mp3 in Resources */ = {isa = PBXBuildFile; fileRef = A2A6B089281EC1C0002B876E /* SpiritBoxStatic.mp3 */; };
		A2A6B099281EC34B002B876E /* NextToYou.mp3 in Resources */ = {isa = PBXBuildFile; fileRef = A2A6B088281EC1B9002B876E /* NextToYou.mp3 */; };
		A2A6B09E281EC3BE002B876E /* DIGITALDREAM.ttf in Resources */ = {isa = PBXBuildFile; fileRef = A2A6B09D281EC3B5002B876E /* DIGITALDREAM.ttf */; };
		A2A6B09F281EC3C1002B876E /* Raven Song.ttf in Resources */ = {isa = PBXBuildFile; fileRef = A2A6B09B281EC38F002B876E /* Raven Song.ttf */; };
		A2A6B0A0281EC3C4002B876E /* digital-7.ttf in Resources */ = {isa = PBXBuildFile; fileRef = A2A6B09C281EC38F002B876E /* digital-7.ttf */; };
		A2A6B0A2281ED4B9002B876E /* NotesView.swift in Sources */ = {isa = PBXBuildFile; fileRef = A2A6B0A1281ED4B9002B876E /* NotesView.swift */; };
		A2A6B0A3281ED4B9002B876E /* NotesView.swift in Sources */ = {isa = PBXBuildFile; fileRef = A2A6B0A1281ED4B9002B876E /* NotesView.swift */; };
		A2A6B0A5281EF124002B876E /* Mousedrawn.otf in Resources */ = {isa = PBXBuildFile; fileRef = A2A6B0A4281EF124002B876E /* Mousedrawn.otf */; };
		A2A6B0A72826E745002B876E /* DowsingRodView.swift in Sources */ = {isa = PBXBuildFile; fileRef = A2A6B0A62826E745002B876E /* DowsingRodView.swift */; };
		A2A6B0A92827EE8E002B876E /* LocationManager.swift in Sources */ = {isa = PBXBuildFile; fileRef = A2A6B0A82827EE8E002B876E /* LocationManager.swift */; };
/* End PBXBuildFile section */

/* Begin PBXContainerItemProxy section */
		74ADA41024FAADD900E06479 /* PBXContainerItemProxy */ = {
			isa = PBXContainerItemProxy;
			containerPortal = 74ADA3F324FAADD800E06479 /* Project object */;
			proxyType = 1;
			remoteGlobalIDString = 74ADA3FE24FAADD800E06479;
			remoteInfo = "GreenEggs (iOS)";
		};
		74ADA41B24FAADD900E06479 /* PBXContainerItemProxy */ = {
			isa = PBXContainerItemProxy;
			containerPortal = 74ADA3F324FAADD800E06479 /* Project object */;
			proxyType = 1;
			remoteGlobalIDString = 74ADA40624FAADD800E06479;
			remoteInfo = "GreenEggs (macOS)";
		};
/* End PBXContainerItemProxy section */

/* Begin PBXFileReference section */
		7446453525056FDD00648631 /* Model.xcdatamodel */ = {isa = PBXFileReference; lastKnownFileType = wrapper.xcdatamodel; path = Model.xcdatamodel; sourceTree = "<group>"; };
		746C371924FBF61E007B76D4 /* Main.swift */ = {isa = PBXFileReference; lastKnownFileType = sourcecode.swift; path = Main.swift; sourceTree = "<group>"; };
		746C371F24FC0F2C007B76D4 /* SpiritBoxView.swift */ = {isa = PBXFileReference; lastKnownFileType = sourcecode.swift; path = SpiritBoxView.swift; sourceTree = "<group>"; };
		74752FC9252E24200020D687 /* SpiritBoxDisplayView.swift */ = {isa = PBXFileReference; lastKnownFileType = sourcecode.swift; path = SpiritBoxDisplayView.swift; sourceTree = "<group>"; };
		74ADA3F824FAADD800E06479 /* GhostingApp.swift */ = {isa = PBXFileReference; lastKnownFileType = sourcecode.swift; path = GhostingApp.swift; sourceTree = "<group>"; };
		74ADA3F924FAADD800E06479 /* ContentView.swift */ = {isa = PBXFileReference; lastKnownFileType = sourcecode.swift; path = ContentView.swift; sourceTree = "<group>"; };
		74ADA3FA24FAADD800E06479 /* Assets.xcassets */ = {isa = PBXFileReference; lastKnownFileType = folder.assetcatalog; path = Assets.xcassets; sourceTree = "<group>"; };
		74ADA3FF24FAADD800E06479 /* Ghosting.app */ = {isa = PBXFileReference; explicitFileType = wrapper.application; includeInIndex = 0; path = Ghosting.app; sourceTree = BUILT_PRODUCTS_DIR; };
		74ADA40224FAADD800E06479 /* Info.plist */ = {isa = PBXFileReference; lastKnownFileType = text.plist.xml; path = Info.plist; sourceTree = "<group>"; };
		74ADA40724FAADD800E06479 /* Ghosting.app */ = {isa = PBXFileReference; explicitFileType = wrapper.application; includeInIndex = 0; path = Ghosting.app; sourceTree = BUILT_PRODUCTS_DIR; };
		74ADA40924FAADD800E06479 /* Info.plist */ = {isa = PBXFileReference; lastKnownFileType = text.plist.xml; path = Info.plist; sourceTree = "<group>"; };
		74ADA40A24FAADD800E06479 /* macOS.entitlements */ = {isa = PBXFileReference; lastKnownFileType = text.plist.entitlements; path = macOS.entitlements; sourceTree = "<group>"; };
		74ADA40F24FAADD900E06479 /* Tests iOS.xctest */ = {isa = PBXFileReference; explicitFileType = wrapper.cfbundle; includeInIndex = 0; path = "Tests iOS.xctest"; sourceTree = BUILT_PRODUCTS_DIR; };
		74ADA41324FAADD900E06479 /* Tests_iOS.swift */ = {isa = PBXFileReference; lastKnownFileType = sourcecode.swift; path = Tests_iOS.swift; sourceTree = "<group>"; };
		74ADA41524FAADD900E06479 /* Info.plist */ = {isa = PBXFileReference; lastKnownFileType = text.plist.xml; path = Info.plist; sourceTree = "<group>"; };
		74ADA41A24FAADD900E06479 /* Tests macOS.xctest */ = {isa = PBXFileReference; explicitFileType = wrapper.cfbundle; includeInIndex = 0; path = "Tests macOS.xctest"; sourceTree = BUILT_PRODUCTS_DIR; };
		74ADA41E24FAADD900E06479 /* Tests_macOS.swift */ = {isa = PBXFileReference; lastKnownFileType = sourcecode.swift; path = Tests_macOS.swift; sourceTree = "<group>"; };
		74ADA42024FAADD900E06479 /* Info.plist */ = {isa = PBXFileReference; lastKnownFileType = text.plist.xml; path = Info.plist; sourceTree = "<group>"; };
		74E5683E25000C4A00733C32 /* PeripheralScan.swift */ = {isa = PBXFileReference; lastKnownFileType = sourcecode.swift; path = PeripheralScan.swift; sourceTree = "<group>"; };
		A20FB3FD27930D60003DDDF7 /* BLEManager.swift */ = {isa = PBXFileReference; lastKnownFileType = sourcecode.swift; path = BLEManager.swift; sourceTree = "<group>"; };
		A20FB40527945CE8003DDDF7 /* SpeechRecognitionManager.swift */ = {isa = PBXFileReference; lastKnownFileType = sourcecode.swift; path = SpeechRecognitionManager.swift; sourceTree = "<group>"; };
		A20FB40B2794BF25003DDDF7 /* SoundManager.swift */ = {isa = PBXFileReference; lastKnownFileType = sourcecode.swift; path = SoundManager.swift; sourceTree = "<group>"; };
		A26B990C27973ABD00B38EEE /* SoundRecorder.swift */ = {isa = PBXFileReference; lastKnownFileType = sourcecode.swift; path = SoundRecorder.swift; sourceTree = "<group>"; };
		A26B991B279C06C400B38EEE /* SpiritBoxManager.swift */ = {isa = PBXFileReference; lastKnownFileType = sourcecode.swift; path = SpiritBoxManager.swift; sourceTree = "<group>"; };
		A26B9930279C5E6D00B38EEE /* VideoCamera.swift */ = {isa = PBXFileReference; lastKnownFileType = sourcecode.swift; path = VideoCamera.swift; sourceTree = "<group>"; };
		A26B9936279C7CD500B38EEE /* Resnet50.mlmodel */ = {isa = PBXFileReference; lastKnownFileType = file.mlmodel; name = Resnet50.mlmodel; path = ../../../Downloads/Resnet50.mlmodel; sourceTree = "<group>"; };
		A26C949927B82B0700A53462 /* Combine+SelfBindings.swift */ = {isa = PBXFileReference; lastKnownFileType = sourcecode.swift; path = "Combine+SelfBindings.swift"; sourceTree = "<group>"; };
		A26C949C27B82B2D00A53462 /* CameraController.swift */ = {isa = PBXFileReference; lastKnownFileType = sourcecode.swift; path = CameraController.swift; sourceTree = "<group>"; };
		A26C949F27B82B5D00A53462 /* FilterController.swift */ = {isa = PBXFileReference; lastKnownFileType = sourcecode.swift; path = FilterController.swift; sourceTree = "<group>"; };
		A26C94A227B82B8500A53462 /* PreviewView.swift */ = {isa = PBXFileReference; lastKnownFileType = sourcecode.swift; path = PreviewView.swift; sourceTree = "<group>"; };
		A26C94A527B82BE600A53462 /* VideoCameraView.swift */ = {isa = PBXFileReference; lastKnownFileType = sourcecode.swift; path = VideoCameraView.swift; sourceTree = "<group>"; };
		A26C94A827B82EC500A53462 /* OrientationObserver.swift */ = {isa = PBXFileReference; lastKnownFileType = sourcecode.swift; path = OrientationObserver.swift; sourceTree = "<group>"; };
		A2A6B076281EBDD6002B876E /* JournalView.swift */ = {isa = PBXFileReference; lastKnownFileType = sourcecode.swift; path = JournalView.swift; sourceTree = "<group>"; };
		A2A6B07A281EC196002B876E /* womanAway.mp3 */ = {isa = PBXFileReference; lastKnownFileType = audio.mp3; path = womanAway.mp3; sourceTree = "<group>"; };
		A2A6B07B281EC196002B876E /* AwayWoman.mp3 */ = {isa = PBXFileReference; lastKnownFileType = audio.mp3; path = AwayWoman.mp3; sourceTree = "<group>"; };
		A2A6B07C281EC196002B876E /* Static.mp3 */ = {isa = PBXFileReference; lastKnownFileType = audio.mp3; path = Static.mp3; sourceTree = "<group>"; };
		A2A6B07D281EC196002B876E /* Attack.mp3 */ = {isa = PBXFileReference; lastKnownFileType = audio.mp3; path = Attack.mp3; sourceTree = "<group>"; };
		A2A6B07E281EC196002B876E /* womanImHere.mp3 */ = {isa = PBXFileReference; lastKnownFileType = audio.mp3; path = womanImHere.mp3; sourceTree = "<group>"; };
		A2A6B07F281EC196002B876E /* BehindYouWoman.mp3 */ = {isa = PBXFileReference; lastKnownFileType = audio.mp3; path = BehindYouWoman.mp3; sourceTree = "<group>"; };
		A2A6B080281EC196002B876E /* ImHereWoman.mp3 */ = {isa = PBXFileReference; lastKnownFileType = audio.mp3; path = ImHereWoman.mp3; sourceTree = "<group>"; };
		A2A6B081281EC196002B876E /* ImCloseWoman.mp3 */ = {isa = PBXFileReference; lastKnownFileType = audio.mp3; path = ImCloseWoman.mp3; sourceTree = "<group>"; };
		A2A6B082281EC196002B876E /* ImClose.mp3 */ = {isa = PBXFileReference; lastKnownFileType = audio.mp3; path = ImClose.mp3; sourceTree = "<group>"; };
		A2A6B083281EC196002B876E /* ImBehindYou.mp3 */ = {isa = PBXFileReference; lastKnownFileType = audio.mp3; path = ImBehindYou.mp3; sourceTree = "<group>"; };
		A2A6B084281EC196002B876E /* OldWoman.mp3 */ = {isa = PBXFileReference; lastKnownFileType = audio.mp3; path = OldWoman.mp3; sourceTree = "<group>"; };
		A2A6B085281EC196002B876E /* womanBehindYou.mp3 */ = {isa = PBXFileReference; lastKnownFileType = audio.mp3; path = womanBehindYou.mp3; sourceTree = "<group>"; };
		A2A6B086281EC196002B876E /* womanBehindYou2.mp3 */ = {isa = PBXFileReference; lastKnownFileType = audio.mp3; path = womanBehindYou2.mp3; sourceTree = "<group>"; };
		A2A6B087281EC196002B876E /* womanImClose.mp3 */ = {isa = PBXFileReference; lastKnownFileType = audio.mp3; path = womanImClose.mp3; sourceTree = "<group>"; };
		A2A6B088281EC1B9002B876E /* NextToYou.mp3 */ = {isa = PBXFileReference; lastKnownFileType = audio.mp3; path = NextToYou.mp3; sourceTree = "<group>"; };
		A2A6B089281EC1C0002B876E /* SpiritBoxStatic.mp3 */ = {isa = PBXFileReference; lastKnownFileType = audio.mp3; path = SpiritBoxStatic.mp3; sourceTree = "<group>"; };
		A2A6B09B281EC38F002B876E /* Raven Song.ttf */ = {isa = PBXFileReference; lastKnownFileType = file; path = "Raven Song.ttf"; sourceTree = "<group>"; };
		A2A6B09C281EC38F002B876E /* digital-7.ttf */ = {isa = PBXFileReference; lastKnownFileType = file; path = "digital-7.ttf"; sourceTree = "<group>"; };
		A2A6B09D281EC3B5002B876E /* DIGITALDREAM.ttf */ = {isa = PBXFileReference; lastKnownFileType = file; path = DIGITALDREAM.ttf; sourceTree = "<group>"; };
		A2A6B0A1281ED4B9002B876E /* NotesView.swift */ = {isa = PBXFileReference; lastKnownFileType = sourcecode.swift; path = NotesView.swift; sourceTree = "<group>"; };
		A2A6B0A4281EF124002B876E /* Mousedrawn.otf */ = {isa = PBXFileReference; lastKnownFileType = file; name = Mousedrawn.otf; path = ../../../../Downloads/mousedrawn/Mousedrawn.otf; sourceTree = "<group>"; };
		A2A6B0A62826E745002B876E /* DowsingRodView.swift */ = {isa = PBXFileReference; lastKnownFileType = sourcecode.swift; path = DowsingRodView.swift; sourceTree = "<group>"; };
		A2A6B0A82827EE8E002B876E /* LocationManager.swift */ = {isa = PBXFileReference; lastKnownFileType = sourcecode.swift; path = LocationManager.swift; sourceTree = "<group>"; };
/* End PBXFileReference section */

/* Begin PBXFrameworksBuildPhase section */
		74ADA3FC24FAADD800E06479 /* Frameworks */ = {
			isa = PBXFrameworksBuildPhase;
			buildActionMask = 2147483647;
			files = (
			);
			runOnlyForDeploymentPostprocessing = 0;
		};
		74ADA40424FAADD800E06479 /* Frameworks */ = {
			isa = PBXFrameworksBuildPhase;
			buildActionMask = 2147483647;
			files = (
			);
			runOnlyForDeploymentPostprocessing = 0;
		};
		74ADA40C24FAADD900E06479 /* Frameworks */ = {
			isa = PBXFrameworksBuildPhase;
			buildActionMask = 2147483647;
			files = (
			);
			runOnlyForDeploymentPostprocessing = 0;
		};
		74ADA41724FAADD900E06479 /* Frameworks */ = {
			isa = PBXFrameworksBuildPhase;
			buildActionMask = 2147483647;
			files = (
			);
			runOnlyForDeploymentPostprocessing = 0;
		};
/* End PBXFrameworksBuildPhase section */

/* Begin PBXGroup section */
		74ADA3F224FAADD800E06479 = {
			isa = PBXGroup;
			children = (
				74ADA3F724FAADD800E06479 /* Shared */,
				74ADA40124FAADD800E06479 /* iOS */,
				74ADA40824FAADD800E06479 /* macOS */,
				74ADA41224FAADD900E06479 /* Tests iOS */,
				74ADA41D24FAADD900E06479 /* Tests macOS */,
				74ADA40024FAADD800E06479 /* Products */,
			);
			sourceTree = "<group>";
		};
		74ADA3F724FAADD800E06479 /* Shared */ = {
			isa = PBXGroup;
			children = (
				A20FB3FD27930D60003DDDF7 /* BLEManager.swift */,
				74ADA3F824FAADD800E06479 /* GhostingApp.swift */,
				74ADA3F924FAADD800E06479 /* ContentView.swift */,
				746C371924FBF61E007B76D4 /* Main.swift */,
				746C371F24FC0F2C007B76D4 /* SpiritBoxView.swift */,
				74E5683E25000C4A00733C32 /* PeripheralScan.swift */,
				7446453425056FDD00648631 /* Model.xcdatamodeld */,
				A26B9936279C7CD500B38EEE /* Resnet50.mlmodel */,
				74752FC9252E24200020D687 /* SpiritBoxDisplayView.swift */,
				A20FB40527945CE8003DDDF7 /* SpeechRecognitionManager.swift */,
				A20FB40B2794BF25003DDDF7 /* SoundManager.swift */,
				A26B990C27973ABD00B38EEE /* SoundRecorder.swift */,
				A26B991B279C06C400B38EEE /* SpiritBoxManager.swift */,
				A26B9930279C5E6D00B38EEE /* VideoCamera.swift */,
				A26C949927B82B0700A53462 /* Combine+SelfBindings.swift */,
				A26C949C27B82B2D00A53462 /* CameraController.swift */,
				A26C949F27B82B5D00A53462 /* FilterController.swift */,
				A26C94A227B82B8500A53462 /* PreviewView.swift */,
				A26C94A527B82BE600A53462 /* VideoCameraView.swift */,
				A2A6B076281EBDD6002B876E /* JournalView.swift */,
				A2A6B0A1281ED4B9002B876E /* NotesView.swift */,
				A2A6B0A82827EE8E002B876E /* LocationManager.swift */,
				A2A6B0A62826E745002B876E /* DowsingRodView.swift */,
				A2A6B09A281EC374002B876E /* Fonts */,
				A2A6B079281EC16B002B876E /* MP3Files */,
				74ADA3FA24FAADD800E06479 /* Assets.xcassets */,
			);
			path = Shared;
			sourceTree = "<group>";
		};
		74ADA40024FAADD800E06479 /* Products */ = {
			isa = PBXGroup;
			children = (
				74ADA3FF24FAADD800E06479 /* Ghosting.app */,
				74ADA40724FAADD800E06479 /* Ghosting.app */,
				74ADA40F24FAADD900E06479 /* Tests iOS.xctest */,
				74ADA41A24FAADD900E06479 /* Tests macOS.xctest */,
			);
			name = Products;
			sourceTree = "<group>";
		};
		74ADA40124FAADD800E06479 /* iOS */ = {
			isa = PBXGroup;
			children = (
				74ADA40224FAADD800E06479 /* Info.plist */,
				A26C94A827B82EC500A53462 /* OrientationObserver.swift */,
			);
			path = iOS;
			sourceTree = "<group>";
		};
		74ADA40824FAADD800E06479 /* macOS */ = {
			isa = PBXGroup;
			children = (
				74ADA40924FAADD800E06479 /* Info.plist */,
				74ADA40A24FAADD800E06479 /* macOS.entitlements */,
			);
			path = macOS;
			sourceTree = "<group>";
		};
		74ADA41224FAADD900E06479 /* Tests iOS */ = {
			isa = PBXGroup;
			children = (
				74ADA41324FAADD900E06479 /* Tests_iOS.swift */,
				74ADA41524FAADD900E06479 /* Info.plist */,
			);
			path = "Tests iOS";
			sourceTree = "<group>";
		};
		74ADA41D24FAADD900E06479 /* Tests macOS */ = {
			isa = PBXGroup;
			children = (
				74ADA41E24FAADD900E06479 /* Tests_macOS.swift */,
				74ADA42024FAADD900E06479 /* Info.plist */,
			);
			path = "Tests macOS";
			sourceTree = "<group>";
		};
		A2A6B079281EC16B002B876E /* MP3Files */ = {
			isa = PBXGroup;
			children = (
				A2A6B088281EC1B9002B876E /* NextToYou.mp3 */,
				A2A6B089281EC1C0002B876E /* SpiritBoxStatic.mp3 */,
				A2A6B07D281EC196002B876E /* Attack.mp3 */,
				A2A6B083281EC196002B876E /* ImBehindYou.mp3 */,
				A2A6B082281EC196002B876E /* ImClose.mp3 */,
				A2A6B07B281EC196002B876E /* AwayWoman.mp3 */,
				A2A6B07F281EC196002B876E /* BehindYouWoman.mp3 */,
				A2A6B081281EC196002B876E /* ImCloseWoman.mp3 */,
				A2A6B080281EC196002B876E /* ImHereWoman.mp3 */,
				A2A6B07A281EC196002B876E /* womanAway.mp3 */,
				A2A6B085281EC196002B876E /* womanBehindYou.mp3 */,
				A2A6B086281EC196002B876E /* womanBehindYou2.mp3 */,
				A2A6B087281EC196002B876E /* womanImClose.mp3 */,
				A2A6B07E281EC196002B876E /* womanImHere.mp3 */,
				A2A6B084281EC196002B876E /* OldWoman.mp3 */,
				A2A6B07C281EC196002B876E /* Static.mp3 */,
			);
			path = MP3Files;
			sourceTree = "<group>";
		};
		A2A6B09A281EC374002B876E /* Fonts */ = {
			isa = PBXGroup;
			children = (
				A2A6B0A4281EF124002B876E /* Mousedrawn.otf */,
				A2A6B09D281EC3B5002B876E /* DIGITALDREAM.ttf */,
				A2A6B09B281EC38F002B876E /* Raven Song.ttf */,
				A2A6B09C281EC38F002B876E /* digital-7.ttf */,
			);
			path = Fonts;
			sourceTree = "<group>";
		};
/* End PBXGroup section */

/* Begin PBXNativeTarget section */
		74ADA3FE24FAADD800E06479 /* Ghosting (iOS) */ = {
			isa = PBXNativeTarget;
			buildConfigurationList = 74ADA42924FAADD900E06479 /* Build configuration list for PBXNativeTarget "Ghosting (iOS)" */;
			buildPhases = (
				74ADA3FB24FAADD800E06479 /* Sources */,
				74ADA3FC24FAADD800E06479 /* Frameworks */,
				74ADA3FD24FAADD800E06479 /* Resources */,
			);
			buildRules = (
			);
			dependencies = (
			);
			name = "Ghosting (iOS)";
			productName = "GreenEggs (iOS)";
			productReference = 74ADA3FF24FAADD800E06479 /* Ghosting.app */;
			productType = "com.apple.product-type.application";
		};
		74ADA40624FAADD800E06479 /* Ghosting (macOS) */ = {
			isa = PBXNativeTarget;
			buildConfigurationList = 74ADA42C24FAADD900E06479 /* Build configuration list for PBXNativeTarget "Ghosting (macOS)" */;
			buildPhases = (
				74ADA40324FAADD800E06479 /* Sources */,
				74ADA40424FAADD800E06479 /* Frameworks */,
				74ADA40524FAADD800E06479 /* Resources */,
			);
			buildRules = (
			);
			dependencies = (
			);
			name = "Ghosting (macOS)";
			productName = "GreenEggs (macOS)";
			productReference = 74ADA40724FAADD800E06479 /* Ghosting.app */;
			productType = "com.apple.product-type.application";
		};
		74ADA40E24FAADD900E06479 /* Tests iOS */ = {
			isa = PBXNativeTarget;
			buildConfigurationList = 74ADA42F24FAADD900E06479 /* Build configuration list for PBXNativeTarget "Tests iOS" */;
			buildPhases = (
				74ADA40B24FAADD900E06479 /* Sources */,
				74ADA40C24FAADD900E06479 /* Frameworks */,
				74ADA40D24FAADD900E06479 /* Resources */,
			);
			buildRules = (
			);
			dependencies = (
				74ADA41124FAADD900E06479 /* PBXTargetDependency */,
			);
			name = "Tests iOS";
			productName = "Tests iOS";
			productReference = 74ADA40F24FAADD900E06479 /* Tests iOS.xctest */;
			productType = "com.apple.product-type.bundle.ui-testing";
		};
		74ADA41924FAADD900E06479 /* Tests macOS */ = {
			isa = PBXNativeTarget;
			buildConfigurationList = 74ADA43224FAADD900E06479 /* Build configuration list for PBXNativeTarget "Tests macOS" */;
			buildPhases = (
				74ADA41624FAADD900E06479 /* Sources */,
				74ADA41724FAADD900E06479 /* Frameworks */,
				74ADA41824FAADD900E06479 /* Resources */,
			);
			buildRules = (
			);
			dependencies = (
				74ADA41C24FAADD900E06479 /* PBXTargetDependency */,
			);
			name = "Tests macOS";
			productName = "Tests macOS";
			productReference = 74ADA41A24FAADD900E06479 /* Tests macOS.xctest */;
			productType = "com.apple.product-type.bundle.ui-testing";
		};
/* End PBXNativeTarget section */

/* Begin PBXProject section */
		74ADA3F324FAADD800E06479 /* Project object */ = {
			isa = PBXProject;
			attributes = {
				LastSwiftUpdateCheck = 1200;
				LastUpgradeCheck = 1200;
				TargetAttributes = {
					74ADA3FE24FAADD800E06479 = {
						CreatedOnToolsVersion = 12.0;
					};
					74ADA40624FAADD800E06479 = {
						CreatedOnToolsVersion = 12.0;
					};
					74ADA40E24FAADD900E06479 = {
						CreatedOnToolsVersion = 12.0;
						TestTargetID = 74ADA3FE24FAADD800E06479;
					};
					74ADA41924FAADD900E06479 = {
						CreatedOnToolsVersion = 12.0;
						TestTargetID = 74ADA40624FAADD800E06479;
					};
				};
			};
			buildConfigurationList = 74ADA3F624FAADD800E06479 /* Build configuration list for PBXProject "Ghosting" */;
			compatibilityVersion = "Xcode 9.3";
			developmentRegion = en;
			hasScannedForEncodings = 0;
			knownRegions = (
				en,
				Base,
			);
			mainGroup = 74ADA3F224FAADD800E06479;
			productRefGroup = 74ADA40024FAADD800E06479 /* Products */;
			projectDirPath = "";
			projectRoot = "";
			targets = (
				74ADA3FE24FAADD800E06479 /* Ghosting (iOS) */,
				74ADA40624FAADD800E06479 /* Ghosting (macOS) */,
				74ADA40E24FAADD900E06479 /* Tests iOS */,
				74ADA41924FAADD900E06479 /* Tests macOS */,
			);
		};
/* End PBXProject section */

/* Begin PBXResourcesBuildPhase section */
		74ADA3FD24FAADD800E06479 /* Resources */ = {
			isa = PBXResourcesBuildPhase;
			buildActionMask = 2147483647;
			files = (
				A2A6B092281EC335002B876E /* ImCloseWoman.mp3 in Resources */,
				74B7D1A2250814C1002E138C /* Model.xcdatamodeld in Resources */,
				A2A6B099281EC34B002B876E /* NextToYou.mp3 in Resources */,
				A2A6B08C281EC325002B876E /* womanImHere.mp3 in Resources */,
				A2A6B093281EC339002B876E /* BehindYouWoman.mp3 in Resources */,
				A2A6B09F281EC3C1002B876E /* Raven Song.ttf in Resources */,
				A2A6B08E281EC32A002B876E /* womanBehindYou2.mp3 in Resources */,
				A2A6B090281EC330002B876E /* womanAway.mp3 in Resources */,
				74ADA42524FAADD900E06479 /* Assets.xcassets in Resources */,
				A2A6B09E281EC3BE002B876E /* DIGITALDREAM.ttf in Resources */,
				A2A6B0A0281EC3C4002B876E /* digital-7.ttf in Resources */,
				A2A6B08B281EC321002B876E /* OldWoman.mp3 in Resources */,
				A2A6B08F281EC32D002B876E /* womanBehindYou.mp3 in Resources */,
				A2A6B091281EC333002B876E /* ImHereWoman.mp3 in Resources */,
				A2A6B096281EC341002B876E /* ImBehindYou.mp3 in Resources */,
				A2A6B08A281EC2EC002B876E /* Static.mp3 in Resources */,
				A2A6B0A5281EF124002B876E /* Mousedrawn.otf in Resources */,
				A2A6B08D281EC328002B876E /* womanImClose.mp3 in Resources */,
				A2A6B095281EC33E002B876E /* ImClose.mp3 in Resources */,
				A2A6B098281EC347002B876E /* SpiritBoxStatic.mp3 in Resources */,
				A2A6B094281EC33C002B876E /* AwayWoman.mp3 in Resources */,
				A2A6B097281EC344002B876E /* Attack.mp3 in Resources */,
			);
			runOnlyForDeploymentPostprocessing = 0;
		};
		74ADA40524FAADD800E06479 /* Resources */ = {
			isa = PBXResourcesBuildPhase;
			buildActionMask = 2147483647;
			files = (
				74DAE6D5250E4EBA0054EFD6 /* Model.xcdatamodeld in Resources */,
				74ADA42624FAADD900E06479 /* Assets.xcassets in Resources */,
			);
			runOnlyForDeploymentPostprocessing = 0;
		};
		74ADA40D24FAADD900E06479 /* Resources */ = {
			isa = PBXResourcesBuildPhase;
			buildActionMask = 2147483647;
			files = (
			);
			runOnlyForDeploymentPostprocessing = 0;
		};
		74ADA41824FAADD900E06479 /* Resources */ = {
			isa = PBXResourcesBuildPhase;
			buildActionMask = 2147483647;
			files = (
			);
			runOnlyForDeploymentPostprocessing = 0;
		};
/* End PBXResourcesBuildPhase section */

/* Begin PBXSourcesBuildPhase section */
		74ADA3FB24FAADD800E06479 /* Sources */ = {
			isa = PBXSourcesBuildPhase;
			buildActionMask = 2147483647;
			files = (
				746C371A24FBF61E007B76D4 /* Main.swift in Sources */,
				74E5683F25000C4A00733C32 /* PeripheralScan.swift in Sources */,
				A26B990D27973ABD00B38EEE /* SoundRecorder.swift in Sources */,
				A20FB40627945CE8003DDDF7 /* SpeechRecognitionManager.swift in Sources */,
				A2A6B0A72826E745002B876E /* DowsingRodView.swift in Sources */,
				74ADA42324FAADD900E06479 /* ContentView.swift in Sources */,
				A2A6B077281EBDD6002B876E /* JournalView.swift in Sources */,
				A20FB40C2794BF25003DDDF7 /* SoundManager.swift in Sources */,
				A26C94A027B82B5D00A53462 /* FilterController.swift in Sources */,
				A20FB3FE27930D60003DDDF7 /* BLEManager.swift in Sources */,
				A26C94A627B82BE600A53462 /* VideoCameraView.swift in Sources */,
				74ADA42124FAADD900E06479 /* GhostingApp.swift in Sources */,
				A26C949A27B82B0700A53462 /* Combine+SelfBindings.swift in Sources */,
				74752FCA252E24200020D687 /* SpiritBoxDisplayView.swift in Sources */,
				746C372024FC0F2C007B76D4 /* SpiritBoxView.swift in Sources */,
				A2A6B0A2281ED4B9002B876E /* NotesView.swift in Sources */,
				A26C94A327B82B8500A53462 /* PreviewView.swift in Sources */,
				A26B9931279C5E6D00B38EEE /* VideoCamera.swift in Sources */,
				A26C94A927B82EC500A53462 /* OrientationObserver.swift in Sources */,
				A26B991C279C06C400B38EEE /* SpiritBoxManager.swift in Sources */,
				A26B9937279C7CD500B38EEE /* Resnet50.mlmodel in Sources */,
				A2A6B0A92827EE8E002B876E /* LocationManager.swift in Sources */,
				A26C949D27B82B2D00A53462 /* CameraController.swift in Sources */,
			);
			runOnlyForDeploymentPostprocessing = 0;
		};
		74ADA40324FAADD800E06479 /* Sources */ = {
			isa = PBXSourcesBuildPhase;
			buildActionMask = 2147483647;
			files = (
				A26C94AA27B82EC500A53462 /* OrientationObserver.swift in Sources */,
				746C371B24FBF61E007B76D4 /* Main.swift in Sources */,
				A2A6B0A3281ED4B9002B876E /* NotesView.swift in Sources */,
				A26B990E27973ABD00B38EEE /* SoundRecorder.swift in Sources */,
				74E5684025000C4A00733C32 /* PeripheralScan.swift in Sources */,
				A26C949E27B82B2D00A53462 /* CameraController.swift in Sources */,
				A26C94A127B82B5D00A53462 /* FilterController.swift in Sources */,
				74ADA42424FAADD900E06479 /* ContentView.swift in Sources */,
				A26C94A727B82BE600A53462 /* VideoCameraView.swift in Sources */,
				A26B991D279C06C400B38EEE /* SpiritBoxManager.swift in Sources */,
				74ADA42224FAADD900E06479 /* GhostingApp.swift in Sources */,
				A20FB40D2794BF25003DDDF7 /* SoundManager.swift in Sources */,
				A26C949B27B82B0700A53462 /* Combine+SelfBindings.swift in Sources */,
				746C372124FC0F2C007B76D4 /* SpiritBoxView.swift in Sources */,
				A26B9932279C5E6D00B38EEE /* VideoCamera.swift in Sources */,
				A20FB40727945CE8003DDDF7 /* SpeechRecognitionManager.swift in Sources */,
				A2A6B078281EBDD6002B876E /* JournalView.swift in Sources */,
				A26B9938279C7CD500B38EEE /* Resnet50.mlmodel in Sources */,
				74752FCB252E24200020D687 /* SpiritBoxDisplayView.swift in Sources */,
				A26C94A427B82B8500A53462 /* PreviewView.swift in Sources */,
			);
			runOnlyForDeploymentPostprocessing = 0;
		};
		74ADA40B24FAADD900E06479 /* Sources */ = {
			isa = PBXSourcesBuildPhase;
			buildActionMask = 2147483647;
			files = (
				74ADA41424FAADD900E06479 /* Tests_iOS.swift in Sources */,
			);
			runOnlyForDeploymentPostprocessing = 0;
		};
		74ADA41624FAADD900E06479 /* Sources */ = {
			isa = PBXSourcesBuildPhase;
			buildActionMask = 2147483647;
			files = (
				74ADA41F24FAADD900E06479 /* Tests_macOS.swift in Sources */,
			);
			runOnlyForDeploymentPostprocessing = 0;
		};
/* End PBXSourcesBuildPhase section */

/* Begin PBXTargetDependency section */
		74ADA41124FAADD900E06479 /* PBXTargetDependency */ = {
			isa = PBXTargetDependency;
			target = 74ADA3FE24FAADD800E06479 /* Ghosting (iOS) */;
			targetProxy = 74ADA41024FAADD900E06479 /* PBXContainerItemProxy */;
		};
		74ADA41C24FAADD900E06479 /* PBXTargetDependency */ = {
			isa = PBXTargetDependency;
			target = 74ADA40624FAADD800E06479 /* Ghosting (macOS) */;
			targetProxy = 74ADA41B24FAADD900E06479 /* PBXContainerItemProxy */;
		};
/* End PBXTargetDependency section */

/* Begin XCBuildConfiguration section */
		74ADA42724FAADD900E06479 /* Debug */ = {
			isa = XCBuildConfiguration;
			buildSettings = {
				ALWAYS_SEARCH_USER_PATHS = NO;
				CLANG_ANALYZER_NONNULL = YES;
				CLANG_ANALYZER_NUMBER_OBJECT_CONVERSION = YES_AGGRESSIVE;
				CLANG_CXX_LANGUAGE_STANDARD = "gnu++14";
				CLANG_CXX_LIBRARY = "libc++";
				CLANG_ENABLE_MODULES = YES;
				CLANG_ENABLE_OBJC_ARC = YES;
				CLANG_ENABLE_OBJC_WEAK = YES;
				CLANG_WARN_BLOCK_CAPTURE_AUTORELEASING = YES;
				CLANG_WARN_BOOL_CONVERSION = YES;
				CLANG_WARN_COMMA = YES;
				CLANG_WARN_CONSTANT_CONVERSION = YES;
				CLANG_WARN_DEPRECATED_OBJC_IMPLEMENTATIONS = YES;
				CLANG_WARN_DIRECT_OBJC_ISA_USAGE = YES_ERROR;
				CLANG_WARN_DOCUMENTATION_COMMENTS = YES;
				CLANG_WARN_EMPTY_BODY = YES;
				CLANG_WARN_ENUM_CONVERSION = YES;
				CLANG_WARN_INFINITE_RECURSION = YES;
				CLANG_WARN_INT_CONVERSION = YES;
				CLANG_WARN_NON_LITERAL_NULL_CONVERSION = YES;
				CLANG_WARN_OBJC_IMPLICIT_RETAIN_SELF = YES;
				CLANG_WARN_OBJC_LITERAL_CONVERSION = YES;
				CLANG_WARN_OBJC_ROOT_CLASS = YES_ERROR;
				CLANG_WARN_QUOTED_INCLUDE_IN_FRAMEWORK_HEADER = YES;
				CLANG_WARN_RANGE_LOOP_ANALYSIS = YES;
				CLANG_WARN_STRICT_PROTOTYPES = YES;
				CLANG_WARN_SUSPICIOUS_MOVE = YES;
				CLANG_WARN_UNGUARDED_AVAILABILITY = YES_AGGRESSIVE;
				CLANG_WARN_UNREACHABLE_CODE = YES;
				CLANG_WARN__DUPLICATE_METHOD_MATCH = YES;
				COPY_PHASE_STRIP = NO;
				DEBUG_INFORMATION_FORMAT = dwarf;
				ENABLE_STRICT_OBJC_MSGSEND = YES;
				ENABLE_TESTABILITY = YES;
				GCC_C_LANGUAGE_STANDARD = gnu11;
				GCC_DYNAMIC_NO_PIC = NO;
				GCC_NO_COMMON_BLOCKS = YES;
				GCC_OPTIMIZATION_LEVEL = 0;
				GCC_PREPROCESSOR_DEFINITIONS = (
					"DEBUG=1",
					"$(inherited)",
				);
				GCC_WARN_64_TO_32_BIT_CONVERSION = YES;
				GCC_WARN_ABOUT_RETURN_TYPE = YES_ERROR;
				GCC_WARN_UNDECLARED_SELECTOR = YES;
				GCC_WARN_UNINITIALIZED_AUTOS = YES_AGGRESSIVE;
				GCC_WARN_UNUSED_FUNCTION = YES;
				GCC_WARN_UNUSED_VARIABLE = YES;
				MTL_ENABLE_DEBUG_INFO = INCLUDE_SOURCE;
				MTL_FAST_MATH = YES;
				ONLY_ACTIVE_ARCH = YES;
				SWIFT_ACTIVE_COMPILATION_CONDITIONS = DEBUG;
				SWIFT_OPTIMIZATION_LEVEL = "-Onone";
			};
			name = Debug;
		};
		74ADA42824FAADD900E06479 /* Release */ = {
			isa = XCBuildConfiguration;
			buildSettings = {
				ALWAYS_SEARCH_USER_PATHS = NO;
				CLANG_ANALYZER_NONNULL = YES;
				CLANG_ANALYZER_NUMBER_OBJECT_CONVERSION = YES_AGGRESSIVE;
				CLANG_CXX_LANGUAGE_STANDARD = "gnu++14";
				CLANG_CXX_LIBRARY = "libc++";
				CLANG_ENABLE_MODULES = YES;
				CLANG_ENABLE_OBJC_ARC = YES;
				CLANG_ENABLE_OBJC_WEAK = YES;
				CLANG_WARN_BLOCK_CAPTURE_AUTORELEASING = YES;
				CLANG_WARN_BOOL_CONVERSION = YES;
				CLANG_WARN_COMMA = YES;
				CLANG_WARN_CONSTANT_CONVERSION = YES;
				CLANG_WARN_DEPRECATED_OBJC_IMPLEMENTATIONS = YES;
				CLANG_WARN_DIRECT_OBJC_ISA_USAGE = YES_ERROR;
				CLANG_WARN_DOCUMENTATION_COMMENTS = YES;
				CLANG_WARN_EMPTY_BODY = YES;
				CLANG_WARN_ENUM_CONVERSION = YES;
				CLANG_WARN_INFINITE_RECURSION = YES;
				CLANG_WARN_INT_CONVERSION = YES;
				CLANG_WARN_NON_LITERAL_NULL_CONVERSION = YES;
				CLANG_WARN_OBJC_IMPLICIT_RETAIN_SELF = YES;
				CLANG_WARN_OBJC_LITERAL_CONVERSION = YES;
				CLANG_WARN_OBJC_ROOT_CLASS = YES_ERROR;
				CLANG_WARN_QUOTED_INCLUDE_IN_FRAMEWORK_HEADER = YES;
				CLANG_WARN_RANGE_LOOP_ANALYSIS = YES;
				CLANG_WARN_STRICT_PROTOTYPES = YES;
				CLANG_WARN_SUSPICIOUS_MOVE = YES;
				CLANG_WARN_UNGUARDED_AVAILABILITY = YES_AGGRESSIVE;
				CLANG_WARN_UNREACHABLE_CODE = YES;
				CLANG_WARN__DUPLICATE_METHOD_MATCH = YES;
				COPY_PHASE_STRIP = NO;
				DEBUG_INFORMATION_FORMAT = "dwarf-with-dsym";
				ENABLE_NS_ASSERTIONS = NO;
				ENABLE_STRICT_OBJC_MSGSEND = YES;
				GCC_C_LANGUAGE_STANDARD = gnu11;
				GCC_NO_COMMON_BLOCKS = YES;
				GCC_WARN_64_TO_32_BIT_CONVERSION = YES;
				GCC_WARN_ABOUT_RETURN_TYPE = YES_ERROR;
				GCC_WARN_UNDECLARED_SELECTOR = YES;
				GCC_WARN_UNINITIALIZED_AUTOS = YES_AGGRESSIVE;
				GCC_WARN_UNUSED_FUNCTION = YES;
				GCC_WARN_UNUSED_VARIABLE = YES;
				MTL_ENABLE_DEBUG_INFO = NO;
				MTL_FAST_MATH = YES;
				SWIFT_COMPILATION_MODE = wholemodule;
				SWIFT_OPTIMIZATION_LEVEL = "-O";
			};
			name = Release;
		};
		74ADA42A24FAADD900E06479 /* Debug */ = {
			isa = XCBuildConfiguration;
			buildSettings = {
				ASSETCATALOG_COMPILER_APPICON_NAME = AppIcon;
				ASSETCATALOG_COMPILER_GLOBAL_ACCENT_COLOR_NAME = AccentColor;
				CODE_SIGN_IDENTITY = "Apple Development";
				CODE_SIGN_STYLE = Automatic;
				DEVELOPMENT_TEAM = 2SP8N682LA;
				ENABLE_PREVIEWS = YES;
				INFOPLIST_FILE = iOS/Info.plist;
				IPHONEOS_DEPLOYMENT_TARGET = 14.0;
				LD_RUNPATH_SEARCH_PATHS = (
					"$(inherited)",
					"@executable_path/Frameworks",
				);
				PRODUCT_BUNDLE_IDENTIFIER = wylie.GhostingApp;
				PRODUCT_NAME = Ghosting;
				PROVISIONING_PROFILE_SPECIFIER = "";
				SDKROOT = iphoneos;
				SWIFT_VERSION = 5.0;
				TARGETED_DEVICE_FAMILY = "1,2";
			};
			name = Debug;
		};
		74ADA42B24FAADD900E06479 /* Release */ = {
			isa = XCBuildConfiguration;
			buildSettings = {
				ASSETCATALOG_COMPILER_APPICON_NAME = AppIcon;
				ASSETCATALOG_COMPILER_GLOBAL_ACCENT_COLOR_NAME = AccentColor;
				CODE_SIGN_IDENTITY = "Apple Development";
				CODE_SIGN_STYLE = Automatic;
				DEVELOPMENT_TEAM = 2SP8N682LA;
				ENABLE_PREVIEWS = YES;
				INFOPLIST_FILE = iOS/Info.plist;
				IPHONEOS_DEPLOYMENT_TARGET = 14.0;
				LD_RUNPATH_SEARCH_PATHS = (
					"$(inherited)",
					"@executable_path/Frameworks",
				);
				PRODUCT_BUNDLE_IDENTIFIER = wylie.GhostingApp;
				PRODUCT_NAME = Ghosting;
				PROVISIONING_PROFILE_SPECIFIER = "";
				SDKROOT = iphoneos;
				SWIFT_VERSION = 5.0;
				TARGETED_DEVICE_FAMILY = "1,2";
				VALIDATE_PRODUCT = YES;
			};
			name = Release;
		};
		74ADA42D24FAADD900E06479 /* Debug */ = {
			isa = XCBuildConfiguration;
			buildSettings = {
				ASSETCATALOG_COMPILER_APPICON_NAME = AppIcon;
				ASSETCATALOG_COMPILER_GLOBAL_ACCENT_COLOR_NAME = AccentColor;
				CODE_SIGN_ENTITLEMENTS = macOS/macOS.entitlements;
				CODE_SIGN_STYLE = Automatic;
				COMBINE_HIDPI_IMAGES = YES;
				ENABLE_PREVIEWS = YES;
				INFOPLIST_FILE = macOS/Info.plist;
				LD_RUNPATH_SEARCH_PATHS = (
					"$(inherited)",
					"@executable_path/../Frameworks",
				);
				MACOSX_DEPLOYMENT_TARGET = 11.0;
				PRODUCT_BUNDLE_IDENTIFIER = wylie.Ghosting;
				PRODUCT_NAME = Ghosting;
				SDKROOT = macosx;
				SWIFT_VERSION = 5.0;
			};
			name = Debug;
		};
		74ADA42E24FAADD900E06479 /* Release */ = {
			isa = XCBuildConfiguration;
			buildSettings = {
				ASSETCATALOG_COMPILER_APPICON_NAME = AppIcon;
				ASSETCATALOG_COMPILER_GLOBAL_ACCENT_COLOR_NAME = AccentColor;
				CODE_SIGN_ENTITLEMENTS = macOS/macOS.entitlements;
				CODE_SIGN_STYLE = Automatic;
				COMBINE_HIDPI_IMAGES = YES;
				ENABLE_PREVIEWS = YES;
				INFOPLIST_FILE = macOS/Info.plist;
				LD_RUNPATH_SEARCH_PATHS = (
					"$(inherited)",
					"@executable_path/../Frameworks",
				);
				MACOSX_DEPLOYMENT_TARGET = 11.0;
				PRODUCT_BUNDLE_IDENTIFIER = wylie.Ghosting;
				PRODUCT_NAME = Ghosting;
				SDKROOT = macosx;
				SWIFT_VERSION = 5.0;
			};
			name = Release;
		};
		74ADA43024FAADD900E06479 /* Debug */ = {
			isa = XCBuildConfiguration;
			buildSettings = {
				ALWAYS_EMBED_SWIFT_STANDARD_LIBRARIES = YES;
				CODE_SIGN_STYLE = Automatic;
				INFOPLIST_FILE = "Tests iOS/Info.plist";
				IPHONEOS_DEPLOYMENT_TARGET = 14.0;
				LD_RUNPATH_SEARCH_PATHS = (
					"$(inherited)",
					"@executable_path/Frameworks",
					"@loader_path/Frameworks",
				);
				PRODUCT_BUNDLE_IDENTIFIER = "wylie.Tests-iOS";
				PRODUCT_NAME = "$(TARGET_NAME)";
				SDKROOT = iphoneos;
				SWIFT_VERSION = 5.0;
				TARGETED_DEVICE_FAMILY = "1,2";
				TEST_TARGET_NAME = "Ghosting (iOS)";
			};
			name = Debug;
		};
		74ADA43124FAADD900E06479 /* Release */ = {
			isa = XCBuildConfiguration;
			buildSettings = {
				ALWAYS_EMBED_SWIFT_STANDARD_LIBRARIES = YES;
				CODE_SIGN_STYLE = Automatic;
				INFOPLIST_FILE = "Tests iOS/Info.plist";
				IPHONEOS_DEPLOYMENT_TARGET = 14.0;
				LD_RUNPATH_SEARCH_PATHS = (
					"$(inherited)",
					"@executable_path/Frameworks",
					"@loader_path/Frameworks",
				);
				PRODUCT_BUNDLE_IDENTIFIER = "wylie.Tests-iOS";
				PRODUCT_NAME = "$(TARGET_NAME)";
				SDKROOT = iphoneos;
				SWIFT_VERSION = 5.0;
				TARGETED_DEVICE_FAMILY = "1,2";
				TEST_TARGET_NAME = "Ghosting (iOS)";
				VALIDATE_PRODUCT = YES;
			};
			name = Release;
		};
		74ADA43324FAADD900E06479 /* Debug */ = {
			isa = XCBuildConfiguration;
			buildSettings = {
				ALWAYS_EMBED_SWIFT_STANDARD_LIBRARIES = YES;
				CODE_SIGN_STYLE = Automatic;
				COMBINE_HIDPI_IMAGES = YES;
				INFOPLIST_FILE = "Tests macOS/Info.plist";
				LD_RUNPATH_SEARCH_PATHS = (
					"$(inherited)",
					"@executable_path/../Frameworks",
					"@loader_path/../Frameworks",
				);
				MACOSX_DEPLOYMENT_TARGET = 10.15;
				PRODUCT_BUNDLE_IDENTIFIER = "wylie.Tests-macOS";
				PRODUCT_NAME = "$(TARGET_NAME)";
				SDKROOT = macosx;
				SWIFT_VERSION = 5.0;
				TEST_TARGET_NAME = "Ghosting (macOS)";
			};
			name = Debug;
		};
		74ADA43424FAADD900E06479 /* Release */ = {
			isa = XCBuildConfiguration;
			buildSettings = {
				ALWAYS_EMBED_SWIFT_STANDARD_LIBRARIES = YES;
				CODE_SIGN_STYLE = Automatic;
				COMBINE_HIDPI_IMAGES = YES;
				INFOPLIST_FILE = "Tests macOS/Info.plist";
				LD_RUNPATH_SEARCH_PATHS = (
					"$(inherited)",
					"@executable_path/../Frameworks",
					"@loader_path/../Frameworks",
				);
				MACOSX_DEPLOYMENT_TARGET = 10.15;
				PRODUCT_BUNDLE_IDENTIFIER = "wylie.Tests-macOS";
				PRODUCT_NAME = "$(TARGET_NAME)";
				SDKROOT = macosx;
				SWIFT_VERSION = 5.0;
				TEST_TARGET_NAME = "Ghosting (macOS)";
			};
			name = Release;
		};
/* End XCBuildConfiguration section */

/* Begin XCConfigurationList section */
		74ADA3F624FAADD800E06479 /* Build configuration list for PBXProject "Ghosting" */ = {
			isa = XCConfigurationList;
			buildConfigurations = (
				74ADA42724FAADD900E06479 /* Debug */,
				74ADA42824FAADD900E06479 /* Release */,
			);
			defaultConfigurationIsVisible = 0;
			defaultConfigurationName = Release;
		};
		74ADA42924FAADD900E06479 /* Build configuration list for PBXNativeTarget "Ghosting (iOS)" */ = {
			isa = XCConfigurationList;
			buildConfigurations = (
				74ADA42A24FAADD900E06479 /* Debug */,
				74ADA42B24FAADD900E06479 /* Release */,
			);
			defaultConfigurationIsVisible = 0;
			defaultConfigurationName = Release;
		};
		74ADA42C24FAADD900E06479 /* Build configuration list for PBXNativeTarget "Ghosting (macOS)" */ = {
			isa = XCConfigurationList;
			buildConfigurations = (
				74ADA42D24FAADD900E06479 /* Debug */,
				74ADA42E24FAADD900E06479 /* Release */,
			);
			defaultConfigurationIsVisible = 0;
			defaultConfigurationName = Release;
		};
		74ADA42F24FAADD900E06479 /* Build configuration list for PBXNativeTarget "Tests iOS" */ = {
			isa = XCConfigurationList;
			buildConfigurations = (
				74ADA43024FAADD900E06479 /* Debug */,
				74ADA43124FAADD900E06479 /* Release */,
			);
			defaultConfigurationIsVisible = 0;
			defaultConfigurationName = Release;
		};
		74ADA43224FAADD900E06479 /* Build configuration list for PBXNativeTarget "Tests macOS" */ = {
			isa = XCConfigurationList;
			buildConfigurations = (
				74ADA43324FAADD900E06479 /* Debug */,
				74ADA43424FAADD900E06479 /* Release */,
			);
			defaultConfigurationIsVisible = 0;
			defaultConfigurationName = Release;
		};
/* End XCConfigurationList section */

/* Begin XCVersionGroup section */
		7446453425056FDD00648631 /* Model.xcdatamodeld */ = {
			isa = XCVersionGroup;
			children = (
				7446453525056FDD00648631 /* Model.xcdatamodel */,
			);
			currentVersion = 7446453525056FDD00648631 /* Model.xcdatamodel */;
			path = Model.xcdatamodeld;
			sourceTree = "<group>";
			versionGroupType = wrapper.xcdatamodel;
		};
/* End XCVersionGroup section */
	};
	rootObject = 74ADA3F324FAADD800E06479 /* Project object */;
}
